
Microsoft Visual Studio Solution File, Format Version 12.00
# Visual Studio Version 17
VisualStudioVersion = 17.6.33829.357
MinimumVisualStudioVersion = 10.0.40219.1
Project("{FAE04EC0-301F-11D3-BF4B-00C04F79EFBC}") = "BulbProject", "BulbProject\BulbProject.csproj", "{EF4AA8E3-AE00-4B93-84DF-913A475790E7}"
EndProject
Project("{FAE04EC0-301F-11D3-BF4B-00C04F79EFBC}") = "BulbService", "BulbLibrary\BulbService.csproj", "{430135E5-0A14-4378-94DD-A9876915D5A7}"
EndProject
Project("{FAE04EC0-301F-11D3-BF4B-00C04F79EFBC}") = "BulbModel", "BuldModel\BulbModel.csproj", "{302A5066-B122-4400-864A-0782C5CC867A}"
EndProject
Global
	GlobalSection(SolutionConfigurationPlatforms) = preSolution
		Debug|Any CPU = Debug|Any CPU
		Release|Any CPU = Release|Any CPU
	EndGlobalSection
	GlobalSection(ProjectConfigurationPlatforms) = postSolution
		{EF4AA8E3-AE00-4B93-84DF-913A475790E7}.Debug|Any CPU.ActiveCfg = Debug|Any CPU
		{EF4AA8E3-AE00-4B93-84DF-913A475790E7}.Debug|Any CPU.Build.0 = Debug|Any CPU
		{EF4AA8E3-AE00-4B93-84DF-913A475790E7}.Release|Any CPU.ActiveCfg = Release|Any CPU
		{EF4AA8E3-AE00-4B93-84DF-913A475790E7}.Release|Any CPU.Build.0 = Release|Any CPU
		{430135E5-0A14-4378-94DD-A9876915D5A7}.Debug|Any CPU.ActiveCfg = Debug|Any CPU
		{430135E5-0A14-4378-94DD-A9876915D5A7}.Debug|Any CPU.Build.0 = Debug|Any CPU
		{430135E5-0A14-4378-94DD-A9876915D5A7}.Release|Any CPU.ActiveCfg = Release|Any CPU
		{430135E5-0A14-4378-94DD-A9876915D5A7}.Release|Any CPU.Build.0 = Release|Any CPU
		{302A5066-B122-4400-864A-0782C5CC867A}.Debug|Any CPU.ActiveCfg = Debug|Any CPU
		{302A5066-B122-4400-864A-0782C5CC867A}.Debug|Any CPU.Build.0 = Debug|Any CPU
		{302A5066-B122-4400-864A-0782C5CC867A}.Release|Any CPU.ActiveCfg = Release|Any CPU
		{302A5066-B122-4400-864A-0782C5CC867A}.Release|Any CPU.Build.0 = Release|Any CPU
	EndGlobalSection
	GlobalSection(SolutionProperties) = preSolution
		HideSolutionNode = FALSE
	EndGlobalSection
	GlobalSection(ExtensibilityGlobals) = postSolution
		SolutionGuid = {4C2E8EF1-A9E1-4869-A246-AB91C2F3592B}
	EndGlobalSection
EndGlobal
